
Microsoft Visual Studio Solution File, Format Version 12.00
# Visual Studio 15
VisualStudioVersion = 15.0.28307.1022
MinimumVisualStudioVersion = 10.0.40219.1
Project("{FAE04EC0-301F-11D3-BF4B-00C04F79EFBC}") = "PP_Weapons_basicstats", "PP_Weapons_basicstats\PP_Weapons_basicstats.csproj", "{9926E89F-6652-4511-AFD9-8A6B40ACB88E}"
EndProject
Project("{FAE04EC0-301F-11D3-BF4B-00C04F79EFBC}") = "ModnixUtils", "ModnixUtils\ModnixUtils.csproj", "{6866A0C1-1FD4-44FB-A3B2-B782CB26E3B8}"
EndProject
Project("{FAE04EC0-301F-11D3-BF4B-00C04F79EFBC}") = "Independent Reverse Engineering", "Independent Reverse Engineering\Independent Reverse Engineering.csproj", "{3417E05A-9F97-452B-97D6-E3F573F8315C}"
EndProject
Project("{FAE04EC0-301F-11D3-BF4B-00C04F79EFBC}") = "_TEMPLATE PP_ModnixMod", "_TEMPLATE PP_ModnixMod\_TEMPLATE PP_ModnixMod.csproj", "{0A1FC1CD-BF7C-4E4D-BE90-D8D3A5DFC374}"
EndProject
Global
	GlobalSection(SolutionConfigurationPlatforms) = preSolution
		Debug|Any CPU = Debug|Any CPU
		Release|Any CPU = Release|Any CPU
	EndGlobalSection
	GlobalSection(ProjectConfigurationPlatforms) = postSolution
		{9926E89F-6652-4511-AFD9-8A6B40ACB88E}.Debug|Any CPU.ActiveCfg = Debug|Any CPU
		{9926E89F-6652-4511-AFD9-8A6B40ACB88E}.Debug|Any CPU.Build.0 = Debug|Any CPU
		{9926E89F-6652-4511-AFD9-8A6B40ACB88E}.Release|Any CPU.ActiveCfg = Release|Any CPU
		{9926E89F-6652-4511-AFD9-8A6B40ACB88E}.Release|Any CPU.Build.0 = Release|Any CPU
		{6866A0C1-1FD4-44FB-A3B2-B782CB26E3B8}.Debug|Any CPU.ActiveCfg = Debug|Any CPU
		{6866A0C1-1FD4-44FB-A3B2-B782CB26E3B8}.Debug|Any CPU.Build.0 = Debug|Any CPU
		{6866A0C1-1FD4-44FB-A3B2-B782CB26E3B8}.Release|Any CPU.ActiveCfg = Release|Any CPU
		{6866A0C1-1FD4-44FB-A3B2-B782CB26E3B8}.Release|Any CPU.Build.0 = Release|Any CPU
		{3417E05A-9F97-452B-97D6-E3F573F8315C}.Debug|Any CPU.ActiveCfg = Debug|Any CPU
		{3417E05A-9F97-452B-97D6-E3F573F8315C}.Debug|Any CPU.Build.0 = Debug|Any CPU
		{3417E05A-9F97-452B-97D6-E3F573F8315C}.Release|Any CPU.ActiveCfg = Release|Any CPU
		{3417E05A-9F97-452B-97D6-E3F573F8315C}.Release|Any CPU.Build.0 = Release|Any CPU
		{0A1FC1CD-BF7C-4E4D-BE90-D8D3A5DFC374}.Debug|Any CPU.ActiveCfg = Debug|Any CPU
		{0A1FC1CD-BF7C-4E4D-BE90-D8D3A5DFC374}.Debug|Any CPU.Build.0 = Debug|Any CPU
		{0A1FC1CD-BF7C-4E4D-BE90-D8D3A5DFC374}.Release|Any CPU.ActiveCfg = Release|Any CPU
		{0A1FC1CD-BF7C-4E4D-BE90-D8D3A5DFC374}.Release|Any CPU.Build.0 = Release|Any CPU
	EndGlobalSection
	GlobalSection(SolutionProperties) = preSolution
		HideSolutionNode = FALSE
	EndGlobalSection
	GlobalSection(ExtensibilityGlobals) = postSolution
		SolutionGuid = {A67508A3-839F-4F0C-84FA-88AC944ADAAD}
	EndGlobalSection
EndGlobal
