
Microsoft Visual Studio Solution File, Format Version 12.00
# Visual Studio 15
VisualStudioVersion = 15.0.28307.1022
MinimumVisualStudioVersion = 10.0.40219.1
Project("{FAE04EC0-301F-11D3-BF4B-00C04F79EFBC}") = "PP_Weapons_basicstats", "PP_Weapons_basicstats\PP_Weapons_basicstats.csproj", "{9926E89F-6652-4511-AFD9-8A6B40ACB88E}"
	ProjectSection(ProjectDependencies) = postProject
		{6866A0C1-1FD4-44FB-A3B2-B782CB26E3B8} = {6866A0C1-1FD4-44FB-A3B2-B782CB26E3B8}
	EndProjectSection
EndProject
Project("{FAE04EC0-301F-11D3-BF4B-00C04F79EFBC}") = "ModnixUtils", "ModnixUtils\ModnixUtils.csproj", "{6866A0C1-1FD4-44FB-A3B2-B782CB26E3B8}"
EndProject
Project("{FAE04EC0-301F-11D3-BF4B-00C04F79EFBC}") = "Independent Reverse Engineering", "Independent Reverse Engineering\Independent Reverse Engineering.csproj", "{3417E05A-9F97-452B-97D6-E3F573F8315C}"
	ProjectSection(ProjectDependencies) = postProject
		{6866A0C1-1FD4-44FB-A3B2-B782CB26E3B8} = {6866A0C1-1FD4-44FB-A3B2-B782CB26E3B8}
	EndProjectSection
EndProject
Project("{FAE04EC0-301F-11D3-BF4B-00C04F79EFBC}") = "_TEMPLATE PP_ModnixMod", "_TEMPLATE PP_ModnixMod\_TEMPLATE PP_ModnixMod.csproj", "{0A1FC1CD-BF7C-4E4D-BE90-D8D3A5DFC374}"
EndProject
Project("{FAE04EC0-301F-11D3-BF4B-00C04F79EFBC}") = "_TEMPLATE PP_ModnixMod (VSIX)", "VSIXProject1\_TEMPLATE PP_ModnixMod (VSIX).csproj", "{FEA11BB3-7E7E-4E8D-8FC9-59A57A1506AC}"
EndProject
Project("{FAE04EC0-301F-11D3-BF4B-00C04F79EFBC}") = "BetterItemInfo", "BetterItemInfo\BetterItemInfo.csproj", "{DF346558-92A2-4D1C-86B9-A8D56D0BAADA}"
EndProject
Project("{2150E333-8FDC-42A3-9474-1A3956D46DE8}") = "Solution Items", "Solution Items", "{5FDBFBEC-943E-4B6B-8FC8-50A22AA9FDB5}"
	ProjectSection(SolutionItems) = preProject
		Directory.Build.props = Directory.Build.props
	EndProjectSection
EndProject
Global
	GlobalSection(SolutionConfigurationPlatforms) = preSolution
		Debug|Any CPU = Debug|Any CPU
		Release|Any CPU = Release|Any CPU
	EndGlobalSection
	GlobalSection(ProjectConfigurationPlatforms) = postSolution
		{9926E89F-6652-4511-AFD9-8A6B40ACB88E}.Debug|Any CPU.ActiveCfg = Debug|Any CPU
		{9926E89F-6652-4511-AFD9-8A6B40ACB88E}.Debug|Any CPU.Build.0 = Debug|Any CPU
		{9926E89F-6652-4511-AFD9-8A6B40ACB88E}.Release|Any CPU.ActiveCfg = Release|Any CPU
		{9926E89F-6652-4511-AFD9-8A6B40ACB88E}.Release|Any CPU.Build.0 = Release|Any CPU
		{6866A0C1-1FD4-44FB-A3B2-B782CB26E3B8}.Debug|Any CPU.ActiveCfg = Debug|Any CPU
		{6866A0C1-1FD4-44FB-A3B2-B782CB26E3B8}.Debug|Any CPU.Build.0 = Debug|Any CPU
		{6866A0C1-1FD4-44FB-A3B2-B782CB26E3B8}.Release|Any CPU.ActiveCfg = Release|Any CPU
		{6866A0C1-1FD4-44FB-A3B2-B782CB26E3B8}.Release|Any CPU.Build.0 = Release|Any CPU
		{3417E05A-9F97-452B-97D6-E3F573F8315C}.Debug|Any CPU.ActiveCfg = Debug|Any CPU
		{3417E05A-9F97-452B-97D6-E3F573F8315C}.Debug|Any CPU.Build.0 = Debug|Any CPU
		{3417E05A-9F97-452B-97D6-E3F573F8315C}.Release|Any CPU.ActiveCfg = Release|Any CPU
		{3417E05A-9F97-452B-97D6-E3F573F8315C}.Release|Any CPU.Build.0 = Release|Any CPU
		{0A1FC1CD-BF7C-4E4D-BE90-D8D3A5DFC374}.Debug|Any CPU.ActiveCfg = Debug|Any CPU
		{0A1FC1CD-BF7C-4E4D-BE90-D8D3A5DFC374}.Release|Any CPU.ActiveCfg = Release|Any CPU
		{FEA11BB3-7E7E-4E8D-8FC9-59A57A1506AC}.Debug|Any CPU.ActiveCfg = Debug|Any CPU
		{FEA11BB3-7E7E-4E8D-8FC9-59A57A1506AC}.Debug|Any CPU.Build.0 = Debug|Any CPU
		{FEA11BB3-7E7E-4E8D-8FC9-59A57A1506AC}.Release|Any CPU.ActiveCfg = Release|Any CPU
		{FEA11BB3-7E7E-4E8D-8FC9-59A57A1506AC}.Release|Any CPU.Build.0 = Release|Any CPU
		{DF346558-92A2-4D1C-86B9-A8D56D0BAADA}.Debug|Any CPU.ActiveCfg = Debug|Any CPU
		{DF346558-92A2-4D1C-86B9-A8D56D0BAADA}.Debug|Any CPU.Build.0 = Debug|Any CPU
		{DF346558-92A2-4D1C-86B9-A8D56D0BAADA}.Release|Any CPU.ActiveCfg = Release|Any CPU
		{DF346558-92A2-4D1C-86B9-A8D56D0BAADA}.Release|Any CPU.Build.0 = Release|Any CPU
	EndGlobalSection
	GlobalSection(SolutionProperties) = preSolution
		HideSolutionNode = FALSE
	EndGlobalSection
	GlobalSection(ExtensibilityGlobals) = postSolution
		SolutionGuid = {A67508A3-839F-4F0C-84FA-88AC944ADAAD}
	EndGlobalSection
EndGlobal
