
Microsoft Visual Studio Solution File, Format Version 12.00
# Visual Studio 15
VisualStudioVersion = 15.0.28307.1022
MinimumVisualStudioVersion = 10.0.40219.1
Project("{FAE04EC0-301F-11D3-BF4B-00C04F79EFBC}") = "WeaponModifiers", "WeaponModifiers\WeaponModifiers.csproj", "{460F0C44-1544-49AF-A97A-BEAB8ED1BB75}"
EndProject
Global
	GlobalSection(SolutionConfigurationPlatforms) = preSolution
		Debug|Any CPU = Debug|Any CPU
		Release|Any CPU = Release|Any CPU
	EndGlobalSection
	GlobalSection(ProjectConfigurationPlatforms) = postSolution
		{460F0C44-1544-49AF-A97A-BEAB8ED1BB75}.Debug|Any CPU.ActiveCfg = Debug|Any CPU
		{460F0C44-1544-49AF-A97A-BEAB8ED1BB75}.Debug|Any CPU.Build.0 = Debug|Any CPU
		{460F0C44-1544-49AF-A97A-BEAB8ED1BB75}.Release|Any CPU.ActiveCfg = Release|Any CPU
		{460F0C44-1544-49AF-A97A-BEAB8ED1BB75}.Release|Any CPU.Build.0 = Release|Any CPU
	EndGlobalSection
	GlobalSection(SolutionProperties) = preSolution
		HideSolutionNode = FALSE
	EndGlobalSection
	GlobalSection(ExtensibilityGlobals) = postSolution
		SolutionGuid = {A67508A3-839F-4F0C-84FA-88AC944ADAAD}
	EndGlobalSection
EndGlobal
